# This file was autogenerated by uv via the following command:
#    uv pip compile --extra dev pyproject.toml -o requirements-dev.lock
agent-eval-kit @ git+https://github.com/portable-genai/agent-eval-kit@a79f0afd125ba81c0fec001f9617f9473d6d7ec1
    # via obligation-register-kit (pyproject.toml)
anyio==4.14.2
    # via httpx
ast-serialize==0.8.0
    # via mypy
certifi==2026.7.22
    # via
    #   httpcore
    #   httpx
h11==0.16.0
    # via httpcore
httpcore==1.0.9
    # via httpx
httpx==0.28.1
    # via agent-eval-kit
idna==3.19
    # via
    #   anyio
    #   httpx
iniconfig==2.3.0
    # via pytest
librt==0.15.0
    # via mypy
mypy==2.3.1
    # via obligation-register-kit (pyproject.toml)
mypy-extensions==1.1.0
    # via mypy
packaging==26.3
    # via pytest
pathspec==1.1.1
    # via mypy
pluggy==1.6.0
    # via pytest
pygments==2.21.0
    # via pytest
pytest==9.1.1
    # via obligation-register-kit (pyproject.toml)
ruff==0.16.5
    # via obligation-register-kit (pyproject.toml)
typing-extensions==4.16.0
    # via mypy
